
Microsoft Visual Studio Solution File, Format Version 12.00
# Visual Studio 15
VisualStudioVersion = 15.0.28307.421
MinimumVisualStudioVersion = 10.0.40219.1
Project("{FAE04EC0-301F-11D3-BF4B-00C04F79EFBC}") = "Tipuskonverziok", "Tipuskonverziok\Tipuskonverziok.csproj", "{0BB8D88B-B409-4EE1-8C5C-35DF26EE435E}"
EndProject
Global
	GlobalSection(SolutionConfigurationPlatforms) = preSolution
		Debug|Any CPU = Debug|Any CPU
		Release|Any CPU = Release|Any CPU
	EndGlobalSection
	GlobalSection(ProjectConfigurationPlatforms) = postSolution
		{0BB8D88B-B409-4EE1-8C5C-35DF26EE435E}.Debug|Any CPU.ActiveCfg = Debug|Any CPU
		{0BB8D88B-B409-4EE1-8C5C-35DF26EE435E}.Debug|Any CPU.Build.0 = Debug|Any CPU
		{0BB8D88B-B409-4EE1-8C5C-35DF26EE435E}.Release|Any CPU.ActiveCfg = Release|Any CPU
		{0BB8D88B-B409-4EE1-8C5C-35DF26EE435E}.Release|Any CPU.Build.0 = Release|Any CPU
	EndGlobalSection
	GlobalSection(SolutionProperties) = preSolution
		HideSolutionNode = FALSE
	EndGlobalSection
	GlobalSection(ExtensibilityGlobals) = postSolution
		SolutionGuid = {B537728D-2F8E-42C0-861B-2C7FABBB06AF}
	EndGlobalSection
EndGlobal
